
Microsoft Visual Studio Solution File, Format Version 12.00
# Visual Studio Version 17
VisualStudioVersion = 17.0.31903.59
MinimumVisualStudioVersion = 10.0.40219.1
Project("{9A19103F-16F7-4668-BE54-9A1E7A4F7556}") = "Application", "Application\Application.csproj", "{00A70BE9-A66E-4087-A3AC-3F72BCB8B9F8}"
EndProject
Project("{9A19103F-16F7-4668-BE54-9A1E7A4F7556}") = "Domain", "Domain\Domain.csproj", "{397E2AEF-7F2F-460C-83A4-366014B7C4B4}"
EndProject
Project("{9A19103F-16F7-4668-BE54-9A1E7A4F7556}") = "Infrastructure", "Infrastructure\Infrastructure.csproj", "{9E60036D-5374-4DD7-B7D3-CC7D8FB8F8FC}"
EndProject
Project("{9A19103F-16F7-4668-BE54-9A1E7A4F7556}") = "Presentation", "Presentation\Presentation.csproj", "{48B99C6C-14CC-471C-9FEE-C93F40C99919}"
EndProject
Project("{9A19103F-16F7-4668-BE54-9A1E7A4F7556}") = "WebApi", "WebApi\WebApi.csproj", "{FBD9E859-2D16-4B00-A941-B8AC05270D9A}"
EndProject
Project("{FAE04EC0-301F-11D3-BF4B-00C04F79EFBC}") = "Arch.Tests", "Arch.Tests\Arch.Tests.csproj", "{121B2F3B-FC2E-4DEC-866C-DAF3DC33F87B}"
EndProject
Global
	GlobalSection(SolutionConfigurationPlatforms) = preSolution
		Debug|Any CPU = Debug|Any CPU
		Release|Any CPU = Release|Any CPU
	EndGlobalSection
	GlobalSection(ProjectConfigurationPlatforms) = postSolution
		{00A70BE9-A66E-4087-A3AC-3F72BCB8B9F8}.Debug|Any CPU.ActiveCfg = Debug|Any CPU
		{00A70BE9-A66E-4087-A3AC-3F72BCB8B9F8}.Debug|Any CPU.Build.0 = Debug|Any CPU
		{00A70BE9-A66E-4087-A3AC-3F72BCB8B9F8}.Release|Any CPU.ActiveCfg = Release|Any CPU
		{00A70BE9-A66E-4087-A3AC-3F72BCB8B9F8}.Release|Any CPU.Build.0 = Release|Any CPU
		{397E2AEF-7F2F-460C-83A4-366014B7C4B4}.Debug|Any CPU.ActiveCfg = Debug|Any CPU
		{397E2AEF-7F2F-460C-83A4-366014B7C4B4}.Debug|Any CPU.Build.0 = Debug|Any CPU
		{397E2AEF-7F2F-460C-83A4-366014B7C4B4}.Release|Any CPU.ActiveCfg = Release|Any CPU
		{397E2AEF-7F2F-460C-83A4-366014B7C4B4}.Release|Any CPU.Build.0 = Release|Any CPU
		{9E60036D-5374-4DD7-B7D3-CC7D8FB8F8FC}.Debug|Any CPU.ActiveCfg = Debug|Any CPU
		{9E60036D-5374-4DD7-B7D3-CC7D8FB8F8FC}.Debug|Any CPU.Build.0 = Debug|Any CPU
		{9E60036D-5374-4DD7-B7D3-CC7D8FB8F8FC}.Release|Any CPU.ActiveCfg = Release|Any CPU
		{9E60036D-5374-4DD7-B7D3-CC7D8FB8F8FC}.Release|Any CPU.Build.0 = Release|Any CPU
		{48B99C6C-14CC-471C-9FEE-C93F40C99919}.Debug|Any CPU.ActiveCfg = Debug|Any CPU
		{48B99C6C-14CC-471C-9FEE-C93F40C99919}.Debug|Any CPU.Build.0 = Debug|Any CPU
		{48B99C6C-14CC-471C-9FEE-C93F40C99919}.Release|Any CPU.ActiveCfg = Release|Any CPU
		{48B99C6C-14CC-471C-9FEE-C93F40C99919}.Release|Any CPU.Build.0 = Release|Any CPU
		{FBD9E859-2D16-4B00-A941-B8AC05270D9A}.Debug|Any CPU.ActiveCfg = Debug|Any CPU
		{FBD9E859-2D16-4B00-A941-B8AC05270D9A}.Debug|Any CPU.Build.0 = Debug|Any CPU
		{FBD9E859-2D16-4B00-A941-B8AC05270D9A}.Release|Any CPU.ActiveCfg = Release|Any CPU
		{FBD9E859-2D16-4B00-A941-B8AC05270D9A}.Release|Any CPU.Build.0 = Release|Any CPU
		{121B2F3B-FC2E-4DEC-866C-DAF3DC33F87B}.Debug|Any CPU.ActiveCfg = Debug|Any CPU
		{121B2F3B-FC2E-4DEC-866C-DAF3DC33F87B}.Debug|Any CPU.Build.0 = Debug|Any CPU
		{121B2F3B-FC2E-4DEC-866C-DAF3DC33F87B}.Release|Any CPU.ActiveCfg = Release|Any CPU
		{121B2F3B-FC2E-4DEC-866C-DAF3DC33F87B}.Release|Any CPU.Build.0 = Release|Any CPU
	EndGlobalSection
	GlobalSection(SolutionProperties) = preSolution
		HideSolutionNode = FALSE
	EndGlobalSection
EndGlobal
